
Microsoft Visual Studio Solution File, Format Version 12.00
# Visual Studio Version 17
VisualStudioVersion = 17.3.32929.385
MinimumVisualStudioVersion = 10.0.40219.1
Project("{9A19103F-16F7-4668-BE54-9A1E7A4F7556}") = "Database-Service", "Database-Service\Database-Service.csproj", "{822A905C-6F1F-4F48-AB42-D071E604D2DC}"
EndProject
Project("{FAE04EC0-301F-11D3-BF4B-00C04F79EFBC}") = "Database-Service.Models", "Database-Service.Models\Database-Service.Models.csproj", "{D3AE020A-4505-4B19-A892-167529053C20}"
EndProject
Project("{FAE04EC0-301F-11D3-BF4B-00C04F79EFBC}") = "Database-Service.Grpc", "Database-Service.Grpc\Database-Service.Grpc.csproj", "{84CFCA3B-FD5A-4DCC-A5F1-4A0722302D85}"
EndProject
Global
	GlobalSection(SolutionConfigurationPlatforms) = preSolution
		Debug|Any CPU = Debug|Any CPU
		Release|Any CPU = Release|Any CPU
	EndGlobalSection
	GlobalSection(ProjectConfigurationPlatforms) = postSolution
		{822A905C-6F1F-4F48-AB42-D071E604D2DC}.Debug|Any CPU.ActiveCfg = Debug|Any CPU
		{822A905C-6F1F-4F48-AB42-D071E604D2DC}.Debug|Any CPU.Build.0 = Debug|Any CPU
		{822A905C-6F1F-4F48-AB42-D071E604D2DC}.Release|Any CPU.ActiveCfg = Release|Any CPU
		{822A905C-6F1F-4F48-AB42-D071E604D2DC}.Release|Any CPU.Build.0 = Release|Any CPU
		{D3AE020A-4505-4B19-A892-167529053C20}.Debug|Any CPU.ActiveCfg = Debug|Any CPU
		{D3AE020A-4505-4B19-A892-167529053C20}.Debug|Any CPU.Build.0 = Debug|Any CPU
		{D3AE020A-4505-4B19-A892-167529053C20}.Release|Any CPU.ActiveCfg = Release|Any CPU
		{D3AE020A-4505-4B19-A892-167529053C20}.Release|Any CPU.Build.0 = Release|Any CPU
		{84CFCA3B-FD5A-4DCC-A5F1-4A0722302D85}.Debug|Any CPU.ActiveCfg = Debug|Any CPU
		{84CFCA3B-FD5A-4DCC-A5F1-4A0722302D85}.Debug|Any CPU.Build.0 = Debug|Any CPU
		{84CFCA3B-FD5A-4DCC-A5F1-4A0722302D85}.Release|Any CPU.ActiveCfg = Release|Any CPU
		{84CFCA3B-FD5A-4DCC-A5F1-4A0722302D85}.Release|Any CPU.Build.0 = Release|Any CPU
	EndGlobalSection
	GlobalSection(SolutionProperties) = preSolution
		HideSolutionNode = FALSE
	EndGlobalSection
	GlobalSection(ExtensibilityGlobals) = postSolution
		SolutionGuid = {A05DF198-6BD2-4AF9-9B3F-D19E98A073A3}
	EndGlobalSection
EndGlobal
